
Microsoft Visual Studio Solution File, Format Version 12.00
# Visual Studio Version 16
VisualStudioVersion = 16.0.31129.286
MinimumVisualStudioVersion = 10.0.40219.1
Project("{FAE04EC0-301F-11D3-BF4B-00C04F79EFBC}") = "PROYECTO PROGRA 1", "PROYECTO PROGRA 1\PROYECTO PROGRA 1.csproj", "{61DF99E9-53FB-4660-8BB0-F87F53F64349}"
EndProject
Global
	GlobalSection(SolutionConfigurationPlatforms) = preSolution
		Debug|Any CPU = Debug|Any CPU
		Release|Any CPU = Release|Any CPU
	EndGlobalSection
	GlobalSection(ProjectConfigurationPlatforms) = postSolution
		{61DF99E9-53FB-4660-8BB0-F87F53F64349}.Debug|Any CPU.ActiveCfg = Debug|Any CPU
		{61DF99E9-53FB-4660-8BB0-F87F53F64349}.Debug|Any CPU.Build.0 = Debug|Any CPU
		{61DF99E9-53FB-4660-8BB0-F87F53F64349}.Release|Any CPU.ActiveCfg = Release|Any CPU
		{61DF99E9-53FB-4660-8BB0-F87F53F64349}.Release|Any CPU.Build.0 = Release|Any CPU
	EndGlobalSection
	GlobalSection(SolutionProperties) = preSolution
		HideSolutionNode = FALSE
	EndGlobalSection
	GlobalSection(ExtensibilityGlobals) = postSolution
		SolutionGuid = {5761C70D-15E2-4FA6-8CF2-AF9DF1AE7AD9}
	EndGlobalSection
EndGlobal
